
Microsoft Visual Studio Solution File, Format Version 12.00
# Visual Studio Version 16
VisualStudioVersion = 16.0.31112.23
MinimumVisualStudioVersion = 10.0.40219.1
Project("{FAE04EC0-301F-11D3-BF4B-00C04F79EFBC}") = "CalculatorLib", "CalculatorLib\CalculatorLib.csproj", "{4C3F1871-2B19-4636-97FF-909DC5DC1737}"
EndProject
Project("{FAE04EC0-301F-11D3-BF4B-00C04F79EFBC}") = "CalculatorConsole", "CalculatorConsole\CalculatorConsole.csproj", "{A5A9DF50-85B6-4A27-87DC-42F91FDF6C05}"
EndProject
Project("{FAE04EC0-301F-11D3-BF4B-00C04F79EFBC}") = "CalculatorForm", "CalculatorForm\CalculatorForm.csproj", "{9BE0A6D8-6528-4D15-899F-65B2A2E0A5BE}"
EndProject
Global
	GlobalSection(SolutionConfigurationPlatforms) = preSolution
		Debug|Any CPU = Debug|Any CPU
		Release|Any CPU = Release|Any CPU
	EndGlobalSection
	GlobalSection(ProjectConfigurationPlatforms) = postSolution
		{4C3F1871-2B19-4636-97FF-909DC5DC1737}.Debug|Any CPU.ActiveCfg = Debug|Any CPU
		{4C3F1871-2B19-4636-97FF-909DC5DC1737}.Debug|Any CPU.Build.0 = Debug|Any CPU
		{4C3F1871-2B19-4636-97FF-909DC5DC1737}.Release|Any CPU.ActiveCfg = Release|Any CPU
		{4C3F1871-2B19-4636-97FF-909DC5DC1737}.Release|Any CPU.Build.0 = Release|Any CPU
		{A5A9DF50-85B6-4A27-87DC-42F91FDF6C05}.Debug|Any CPU.ActiveCfg = Debug|Any CPU
		{A5A9DF50-85B6-4A27-87DC-42F91FDF6C05}.Debug|Any CPU.Build.0 = Debug|Any CPU
		{A5A9DF50-85B6-4A27-87DC-42F91FDF6C05}.Release|Any CPU.ActiveCfg = Release|Any CPU
		{A5A9DF50-85B6-4A27-87DC-42F91FDF6C05}.Release|Any CPU.Build.0 = Release|Any CPU
		{9BE0A6D8-6528-4D15-899F-65B2A2E0A5BE}.Debug|Any CPU.ActiveCfg = Debug|Any CPU
		{9BE0A6D8-6528-4D15-899F-65B2A2E0A5BE}.Debug|Any CPU.Build.0 = Debug|Any CPU
		{9BE0A6D8-6528-4D15-899F-65B2A2E0A5BE}.Release|Any CPU.ActiveCfg = Release|Any CPU
		{9BE0A6D8-6528-4D15-899F-65B2A2E0A5BE}.Release|Any CPU.Build.0 = Release|Any CPU
	EndGlobalSection
	GlobalSection(SolutionProperties) = preSolution
		HideSolutionNode = FALSE
	EndGlobalSection
	GlobalSection(ExtensibilityGlobals) = postSolution
		SolutionGuid = {E5200531-B783-4342-9EE3-F835D97630E6}
	EndGlobalSection
EndGlobal
